version: 6
environments:
  default:
    channels:
    - url: https://conda.anaconda.org/conda-forge/
    packages:
      linux-64:
      - conda: https://conda.anaconda.org/conda-forge/linux-64/_libgcc_mutex-0.1-conda_forge.tar.bz2
      - conda: https://conda.anaconda.org/conda-forge/linux-64/_openmp_mutex-4.5-2_gnu.tar.bz2
      - conda: https://conda.anaconda.org/conda-forge/linux-64/binutils-2.44-h4852527_2.conda
      - conda: https://conda.anaconda.org/conda-forge/linux-64/binutils_impl_linux-64-2.44-hdf8817f_2.conda
      - conda: https://conda.anaconda.org/conda-forge/linux-64/binutils_linux-64-2.44-h4852527_2.conda
      - conda: https://conda.anaconda.org/conda-forge/linux-64/c-compiler-1.11.0-h4d9bdce_0.conda
      - conda: https://conda.anaconda.org/conda-forge/noarch/ca-certificates-2025.10.5-hbd8a1cb_0.conda
      - conda: https://conda.anaconda.org/conda-forge/linux-64/compilers-1.11.0-ha770c72_0.conda
      - conda: https://conda.anaconda.org/conda-forge/linux-64/conda-gcc-specs-14.3.0-hb991d5c_7.conda
      - conda: https://conda.anaconda.org/conda-forge/linux-64/cxx-compiler-1.11.0-hfcd1e18_0.conda
      - conda: https://conda.anaconda.org/conda-forge/linux-64/fortran-compiler-1.11.0-h9bea470_0.conda
      - conda: https://conda.anaconda.org/conda-forge/linux-64/gcc-14.3.0-h76bdaa0_7.conda
      - conda: https://conda.anaconda.org/conda-forge/linux-64/gcc_impl_linux-64-14.3.0-hd9e9e21_7.conda
      - conda: https://conda.anaconda.org/conda-forge/linux-64/gcc_linux-64-14.3.0-h298d278_12.conda
      - conda: https://conda.anaconda.org/conda-forge/linux-64/gfortran-14.3.0-he448592_7.conda
      - conda: https://conda.anaconda.org/conda-forge/linux-64/gfortran_impl_linux-64-14.3.0-h7db7018_7.conda
      - conda: https://conda.anaconda.org/conda-forge/linux-64/gfortran_linux-64-14.3.0-h961de7f_12.conda
      - conda: https://conda.anaconda.org/conda-forge/linux-64/gxx-14.3.0-he448592_7.conda
      - conda: https://conda.anaconda.org/conda-forge/linux-64/gxx_impl_linux-64-14.3.0-he663afc_7.conda
      - conda: https://conda.anaconda.org/conda-forge/linux-64/gxx_linux-64-14.3.0-h95f728e_12.conda
      - conda: https://conda.anaconda.org/conda-forge/noarch/kernel-headers_linux-64-4.18.0-he073ed8_8.conda
      - conda: https://conda.anaconda.org/conda-forge/linux-64/ld_impl_linux-64-2.44-ha97dd6f_2.conda
      - conda: https://conda.anaconda.org/conda-forge/linux-64/libgcc-15.2.0-h767d61c_7.conda
      - conda: https://conda.anaconda.org/conda-forge/noarch/libgcc-devel_linux-64-14.3.0-h85bb3a7_107.conda
      - conda: https://conda.anaconda.org/conda-forge/linux-64/libgcc-ng-15.2.0-h69a702a_7.conda
      - conda: https://conda.anaconda.org/conda-forge/linux-64/libgfortran5-15.2.0-hcd61629_7.conda
      - conda: https://conda.anaconda.org/conda-forge/linux-64/libgomp-15.2.0-h767d61c_7.conda
      - conda: https://conda.anaconda.org/conda-forge/linux-64/libsanitizer-14.3.0-hd08acf3_7.conda
      - conda: https://conda.anaconda.org/conda-forge/linux-64/libstdcxx-15.2.0-h8f9b012_7.conda
      - conda: https://conda.anaconda.org/conda-forge/noarch/libstdcxx-devel_linux-64-14.3.0-h85bb3a7_107.conda
      - conda: https://conda.anaconda.org/conda-forge/linux-64/libstdcxx-ng-15.2.0-h4852527_7.conda
      - conda: https://conda.anaconda.org/conda-forge/linux-64/openssl-3.5.4-h26f9b46_0.conda
      - conda: https://conda.anaconda.org/conda-forge/linux-64/patchelf-0.17.2-h58526e2_0.conda
      - conda: https://conda.anaconda.org/conda-forge/linux-64/rattler-build-0.48.1-h60886be_0.conda
      - conda: https://conda.anaconda.org/conda-forge/noarch/sysroot_linux-64-2.28-h4ee821c_8.conda
      - conda: https://conda.anaconda.org/conda-forge/noarch/tzdata-2025b-h78e105d_0.conda
      linux-aarch64:
      - conda: https://conda.anaconda.org/conda-forge/linux-aarch64/_openmp_mutex-4.5-2_gnu.tar.bz2
      - conda: https://conda.anaconda.org/conda-forge/linux-aarch64/binutils-2.44-hf1166c9_2.conda
      - conda: https://conda.anaconda.org/conda-forge/linux-aarch64/binutils_impl_linux-aarch64-2.44-hdf4bb16_2.conda
      - conda: https://conda.anaconda.org/conda-forge/linux-aarch64/binutils_linux-aarch64-2.44-hf1166c9_2.conda
      - conda: https://conda.anaconda.org/conda-forge/linux-aarch64/c-compiler-1.11.0-hdceaead_0.conda
      - conda: https://conda.anaconda.org/conda-forge/noarch/ca-certificates-2025.10.5-hbd8a1cb_0.conda
      - conda: https://conda.anaconda.org/conda-forge/linux-aarch64/compilers-1.11.0-h8af1aa0_0.conda
      - conda: https://conda.anaconda.org/conda-forge/linux-aarch64/conda-gcc-specs-14.3.0-h92dcf8a_7.conda
      - conda: https://conda.anaconda.org/conda-forge/linux-aarch64/cxx-compiler-1.11.0-h7b35c40_0.conda
      - conda: https://conda.anaconda.org/conda-forge/linux-aarch64/fortran-compiler-1.11.0-h151373c_0.conda
      - conda: https://conda.anaconda.org/conda-forge/linux-aarch64/gcc-14.3.0-h7408ef6_7.conda
      - conda: https://conda.anaconda.org/conda-forge/linux-aarch64/gcc_impl_linux-aarch64-14.3.0-h2b96704_7.conda
      - conda: https://conda.anaconda.org/conda-forge/linux-aarch64/gcc_linux-aarch64-14.3.0-h118592a_12.conda
      - conda: https://conda.anaconda.org/conda-forge/linux-aarch64/gfortran-14.3.0-ha28f942_7.conda
      - conda: https://conda.anaconda.org/conda-forge/linux-aarch64/gfortran_impl_linux-aarch64-14.3.0-h8827d62_7.conda
      - conda: https://conda.anaconda.org/conda-forge/linux-aarch64/gfortran_linux-aarch64-14.3.0-he4becf7_12.conda
      - conda: https://conda.anaconda.org/conda-forge/linux-aarch64/gxx-14.3.0-ha28f942_7.conda
      - conda: https://conda.anaconda.org/conda-forge/linux-aarch64/gxx_impl_linux-aarch64-14.3.0-h72695c8_7.conda
      - conda: https://conda.anaconda.org/conda-forge/linux-aarch64/gxx_linux-aarch64-14.3.0-hda493e9_12.conda
      - conda: https://conda.anaconda.org/conda-forge/noarch/kernel-headers_linux-aarch64-4.18.0-h05a177a_8.conda
      - conda: https://conda.anaconda.org/conda-forge/linux-aarch64/ld_impl_linux-aarch64-2.44-h9df1782_2.conda
      - conda: https://conda.anaconda.org/conda-forge/linux-aarch64/libgcc-15.2.0-he277a41_7.conda
      - conda: https://conda.anaconda.org/conda-forge/noarch/libgcc-devel_linux-aarch64-14.3.0-h370b906_107.conda
      - conda: https://conda.anaconda.org/conda-forge/linux-aarch64/libgcc-ng-15.2.0-he9431aa_7.conda
      - conda: https://conda.anaconda.org/conda-forge/linux-aarch64/libgfortran5-15.2.0-h87db57e_7.conda
      - conda: https://conda.anaconda.org/conda-forge/linux-aarch64/libgomp-15.2.0-he277a41_7.conda
      - conda: https://conda.anaconda.org/conda-forge/linux-aarch64/libsanitizer-14.3.0-h48d3638_7.conda
      - conda: https://conda.anaconda.org/conda-forge/linux-aarch64/libstdcxx-15.2.0-h3f4de04_7.conda
      - conda: https://conda.anaconda.org/conda-forge/noarch/libstdcxx-devel_linux-aarch64-14.3.0-h370b906_107.conda
      - conda: https://conda.anaconda.org/conda-forge/linux-aarch64/libstdcxx-ng-15.2.0-hf1166c9_7.conda
      - conda: https://conda.anaconda.org/conda-forge/linux-aarch64/openssl-3.5.4-h8e36d6e_0.conda
      - conda: https://conda.anaconda.org/conda-forge/linux-aarch64/patchelf-0.17.2-h884eca8_0.conda
      - conda: https://conda.anaconda.org/conda-forge/linux-aarch64/rattler-build-0.48.1-hc66e42d_0.conda
      - conda: https://conda.anaconda.org/conda-forge/noarch/sysroot_linux-aarch64-2.28-h585391f_8.conda
      - conda: https://conda.anaconda.org/conda-forge/noarch/tzdata-2025b-h78e105d_0.conda
packages:
- conda: https://conda.anaconda.org/conda-forge/linux-64/_libgcc_mutex-0.1-conda_forge.tar.bz2
  sha256: fe51de6107f9edc7aa4f786a70f4a883943bc9d39b3bb7307c04c41410990726
  md5: d7c89558ba9fa0495403155b64376d81
  license: None
  size: 2562
  timestamp: 1578324546067
- conda: https://conda.anaconda.org/conda-forge/linux-64/_openmp_mutex-4.5-2_gnu.tar.bz2
  build_number: 16
  sha256: fbe2c5e56a653bebb982eda4876a9178aedfc2b545f25d0ce9c4c0b508253d22
  md5: 73aaf86a425cc6e73fcf236a5a46396d
  depends:
  - _libgcc_mutex 0.1 conda_forge
  - libgomp >=7.5.0
  constrains:
  - openmp_impl 9999
  license: BSD-3-Clause
  license_family: BSD
  size: 23621
  timestamp: 1650670423406
- conda: https://conda.anaconda.org/conda-forge/linux-aarch64/_openmp_mutex-4.5-2_gnu.tar.bz2
  build_number: 16
  sha256: 3702bef2f0a4d38bd8288bbe54aace623602a1343c2cfbefd3fa188e015bebf0
  md5: 6168d71addc746e8f2b8d57dfd2edcea
  depends:
  - libgomp >=7.5.0
  constrains:
  - openmp_impl 9999
  license: BSD-3-Clause
  license_family: BSD
  size: 23712
  timestamp: 1650670790230
- conda: https://conda.anaconda.org/conda-forge/linux-64/binutils-2.44-h4852527_2.conda
  sha256: 1461b66ef4801c20dc39d7005eed559bfcd3a62c219dc030343ddd570b58a9e6
  md5: 7f77703af8f54071370e0bc3a4b225af
  depends:
  - binutils_impl_linux-64 >=2.44,<2.45.0a0
  license: GPL-3.0-only
  license_family: GPL
  size: 34957
  timestamp: 1758810956483
- conda: https://conda.anaconda.org/conda-forge/linux-aarch64/binutils-2.44-hf1166c9_2.conda
  sha256: eb9f6cd78b10eacb8b7e28e54dd33ea3a724b79df4f0cfdb22ecfb3a7d1f484e
  md5: c2664aace5d80d2d2eca4ea61fcae4de
  depends:
  - binutils_impl_linux-aarch64 >=2.44,<2.45.0a0
  license: GPL-3.0-only
  license_family: GPL
  size: 35125
  timestamp: 1758810940405
- conda: https://conda.anaconda.org/conda-forge/linux-64/binutils_impl_linux-64-2.44-hdf8817f_2.conda
  sha256: 014eda0be99345946706a8141ecf32f619c731152831b85e4a752b4917c4528c
  md5: f0716b5f7e87e83678d50da21e7a54b4
  depends:
  - ld_impl_linux-64 2.44 ha97dd6f_2
  - sysroot_linux-64
  license: GPL-3.0-only
  license_family: GPL
  size: 3797704
  timestamp: 1758810925961
- conda: https://conda.anaconda.org/conda-forge/linux-aarch64/binutils_impl_linux-aarch64-2.44-hdf4bb16_2.conda
  sha256: ccc097ad63cc1c39198f02019da8ed08df6c1be0b4b5ed61afc18f54a473e2b8
  md5: 9a1a27f78a0949598337859e3760e1ba
  depends:
  - ld_impl_linux-aarch64 2.44 h9df1782_2
  - sysroot_linux-aarch64
  license: GPL-3.0-only
  license_family: GPL
  size: 4202937
  timestamp: 1758810921124
- conda: https://conda.anaconda.org/conda-forge/linux-64/binutils_linux-64-2.44-h4852527_2.conda
  sha256: fd73320b4b3df2b18a1c2a9e17ed8c1402e1530c03a7d5af8240469b389128dd
  md5: 9102871743e92e2eea2f2b3bfef74ed0
  depends:
  - binutils_impl_linux-64 2.44 hdf8817f_2
  license: GPL-3.0-only
  license_family: GPL
  size: 35965
  timestamp: 1758810959224
- conda: https://conda.anaconda.org/conda-forge/linux-aarch64/binutils_linux-aarch64-2.44-hf1166c9_2.conda
  sha256: cda679212e2c321ffcbb63307b7eb30a517ebe16bcc4a5d83ecea968aedaaf1f
  md5: c3c225b728d761f87312ced893c59a07
  depends:
  - binutils_impl_linux-aarch64 2.44 hdf4bb16_2
  license: GPL-3.0-only
  license_family: GPL
  size: 36176
  timestamp: 1758810943106
- conda: https://conda.anaconda.org/conda-forge/linux-64/c-compiler-1.11.0-h4d9bdce_0.conda
  sha256: 8e7a40f16400d7839c82581410aa05c1f8324a693c9d50079f8c50dc9fb241f0
  md5: abd85120de1187b0d1ec305c2173c71b
  depends:
  - binutils
  - gcc
  - gcc_linux-64 14.*
  license: BSD-3-Clause
  license_family: BSD
  size: 6693
  timestamp: 1753098721814
- conda: https://conda.anaconda.org/conda-forge/linux-aarch64/c-compiler-1.11.0-hdceaead_0.conda
  sha256: a16c5078619d60e54f75336ed2bbb4ee0fb6f711de02dd364983748beda31e04
  md5: 89bc32110bba0dc160bb69427e196dc4
  depends:
  - binutils
  - gcc
  - gcc_linux-aarch64 14.*
  license: BSD-3-Clause
  license_family: BSD
  size: 6721
  timestamp: 1753098688332
- conda: https://conda.anaconda.org/conda-forge/noarch/ca-certificates-2025.10.5-hbd8a1cb_0.conda
  sha256: 3b5ad78b8bb61b6cdc0978a6a99f8dfb2cc789a451378d054698441005ecbdb6
  md5: f9e5fbc24009179e8b0409624691758a
  depends:
  - __unix
  license: ISC
  size: 155907
  timestamp: 1759649036195
- conda: https://conda.anaconda.org/conda-forge/linux-64/compilers-1.11.0-ha770c72_0.conda
  sha256: 5709f2cbfeb8690317ba702611bdf711a502b417fecda6ad3313e501f6f8bd61
  md5: fdcf2e31dd960ef7c5daa9f2c95eff0e
  depends:
  - c-compiler 1.11.0 h4d9bdce_0
  - cxx-compiler 1.11.0 hfcd1e18_0
  - fortran-compiler 1.11.0 h9bea470_0
  license: BSD-3-Clause
  license_family: BSD
  size: 7482
  timestamp: 1753098722454
- conda: https://conda.anaconda.org/conda-forge/linux-aarch64/compilers-1.11.0-h8af1aa0_0.conda
  sha256: 7713d1af8c67d3052e2fb0a9d12cb6098210342995e5db4fd70fc9aae0630465
  md5: 10cfd53906b539dc866c79f5837ab577
  depends:
  - c-compiler 1.11.0 hdceaead_0
  - cxx-compiler 1.11.0 h7b35c40_0
  - fortran-compiler 1.11.0 h151373c_0
  license: BSD-3-Clause
  license_family: BSD
  size: 7575
  timestamp: 1753098689062
- conda: https://conda.anaconda.org/conda-forge/linux-64/conda-gcc-specs-14.3.0-hb991d5c_7.conda
  sha256: d2fc6de5c21d92bf6a4c2f51040662ea34ed94baa7c2758ba685fd3b0032f7cb
  md5: 39586596e88259bae48f904fb1025b77
  depends:
  - gcc_impl_linux-64 >=14.3.0,<14.3.1.0a0
  license: GPL-3.0-only WITH GCC-exception-3.1
  license_family: GPL
  size: 33231
  timestamp: 1759965946160
- conda: https://conda.anaconda.org/conda-forge/linux-aarch64/conda-gcc-specs-14.3.0-h92dcf8a_7.conda
  sha256: caa39c2a763a9df5517e7997527e0174ff7b45b9401cbc1c433260a38cf3eb27
  md5: 56c17840d46efe245687761d82b3ff57
  depends:
  - gcc_impl_linux-aarch64 >=14.3.0,<14.3.1.0a0
  license: GPL-3.0-only WITH GCC-exception-3.1
  license_family: GPL
  size: 33230
  timestamp: 1759967693238
- conda: https://conda.anaconda.org/conda-forge/linux-64/cxx-compiler-1.11.0-hfcd1e18_0.conda
  sha256: 3fcc97ae3e89c150401a50a4de58794ffc67b1ed0e1851468fcc376980201e25
  md5: 5da8c935dca9186673987f79cef0b2a5
  depends:
  - c-compiler 1.11.0 h4d9bdce_0
  - gxx
  - gxx_linux-64 14.*
  license: BSD-3-Clause
  license_family: BSD
  size: 6635
  timestamp: 1753098722177
- conda: https://conda.anaconda.org/conda-forge/linux-aarch64/cxx-compiler-1.11.0-h7b35c40_0.conda
  sha256: b87cd33501867d999caa1a57e488e69dc9e08011ec8685586df754302247a7a4
  md5: 0234c63e6b36b1677fd6c5238ef0a4ec
  depends:
  - c-compiler 1.11.0 hdceaead_0
  - gxx
  - gxx_linux-aarch64 14.*
  license: BSD-3-Clause
  license_family: BSD
  size: 6705
  timestamp: 1753098688728
- conda: https://conda.anaconda.org/conda-forge/linux-64/fortran-compiler-1.11.0-h9bea470_0.conda
  sha256: 53e5562ede83b478ebe9f4fc3d3b4eff5b627883f48aa0bf412e8fd90b5d6113
  md5: d5596f445a1273ddc5ea68864c01b69f
  depends:
  - binutils
  - c-compiler 1.11.0 h4d9bdce_0
  - gfortran
  - gfortran_linux-64 14.*
  license: BSD-3-Clause
  license_family: BSD
  size: 6656
  timestamp: 1753098722318
- conda: https://conda.anaconda.org/conda-forge/linux-aarch64/fortran-compiler-1.11.0-h151373c_0.conda
  sha256: 3cbb537a1548455d1dcf49ebff80fa28c7448ec87c3e14779d3cc8f99a77fd29
  md5: b2ad788bde8ea90d5572bc2510e7d321
  depends:
  - binutils
  - c-compiler 1.11.0 hdceaead_0
  - gfortran
  - gfortran_linux-aarch64 14.*
  license: BSD-3-Clause
  license_family: BSD
  size: 6740
  timestamp: 1753098688910
- conda: https://conda.anaconda.org/conda-forge/linux-64/gcc-14.3.0-h76bdaa0_7.conda
  sha256: 5eae0f13f8012215c18fba5b74e10686c4720f5c6038a6cfbedcb91fe59eea3d
  md5: cd5d2db69849f2fc7b592daf86c3015a
  depends:
  - conda-gcc-specs
  - gcc_impl_linux-64 14.3.0.*
  license: BSD-3-Clause
  license_family: BSD
  size: 31025
  timestamp: 1759966082917
- conda: https://conda.anaconda.org/conda-forge/linux-aarch64/gcc-14.3.0-h7408ef6_7.conda
  sha256: 7ee4d06e90cd6bd7ecb577114227c04437198a6e2a8d4bffaf622cc4ec32e0b4
  md5: 740c5cc1972c559addbf3b39ee84dfc5
  depends:
  - conda-gcc-specs
  - gcc_impl_linux-aarch64 14.3.0.*
  license: BSD-3-Clause
  license_family: BSD
  size: 31238
  timestamp: 1759967809504
- conda: https://conda.anaconda.org/conda-forge/linux-64/gcc_impl_linux-64-14.3.0-hd9e9e21_7.conda
  sha256: bddd2b13469334fdd474281753cf0b347ac16c3e123ecfdce556ba16fbda9454
  md5: 54876317578ad4bf695aad97ff8398d9
  depends:
  - binutils_impl_linux-64 >=2.40
  - libgcc >=14.3.0
  - libgcc-devel_linux-64 14.3.0 h85bb3a7_107
  - libgomp >=14.3.0
  - libsanitizer 14.3.0 hd08acf3_7
  - libstdcxx >=14.3.0
  - sysroot_linux-64
  license: GPL-3.0-only WITH GCC-exception-3.1
  license_family: GPL
  size: 69987984
  timestamp: 1759965829687
- conda: https://conda.anaconda.org/conda-forge/linux-aarch64/gcc_impl_linux-aarch64-14.3.0-h2b96704_7.conda
  sha256: b23278d9d9c635dfca1a9922874159e5fce704faa3ba48869464034e956dcb0f
  md5: 2b5709c68ce0f325540df7a2792480de
  depends:
  - binutils_impl_linux-aarch64 >=2.40
  - libgcc >=14.3.0
  - libgcc-devel_linux-aarch64 14.3.0 h370b906_107
  - libgomp >=14.3.0
  - libsanitizer 14.3.0 h48d3638_7
  - libstdcxx >=14.3.0
  - sysroot_linux-aarch64
  license: GPL-3.0-only WITH GCC-exception-3.1
  license_family: GPL
  size: 68874516
  timestamp: 1759967603214
- conda: https://conda.anaconda.org/conda-forge/linux-64/gcc_linux-64-14.3.0-h298d278_12.conda
  sha256: 0c56509170aa709cf80ef0663e17a1ab22fc57051794088994fc60290b352f46
  md5: 051081e67fa626cf3021e507e4a73c79
  depends:
  - gcc_impl_linux-64 14.3.0.*
  - binutils_linux-64
  - sysroot_linux-64
  license: BSD-3-Clause
  license_family: BSD
  size: 27952
  timestamp: 1759866571695
- conda: https://conda.anaconda.org/conda-forge/linux-aarch64/gcc_linux-aarch64-14.3.0-h118592a_12.conda
  sha256: 40ceea2ee09552e3329e32aa042ae3b11d68d3bc787df4ebdcb2143fafacc3a4
  md5: 316bb0cb8641387b29f4bdb772593f97
  depends:
  - gcc_impl_linux-aarch64 14.3.0.*
  - binutils_linux-aarch64
  - sysroot_linux-aarch64
  license: BSD-3-Clause
  license_family: BSD
  size: 27732
  timestamp: 1759866521559
- conda: https://conda.anaconda.org/conda-forge/linux-64/gfortran-14.3.0-he448592_7.conda
  sha256: 7ab008dd3dc5e6ca0de2614771019a1d35480d51df6216c96b1cf6a5e660ee40
  md5: 94394acdc56dcb4d55dddf0393134966
  depends:
  - gcc 14.3.0.*
  - gcc_impl_linux-64 14.3.0.*
  - gfortran_impl_linux-64 14.3.0.*
  license: BSD-3-Clause
  license_family: BSD
  size: 30407
  timestamp: 1759966108779
- conda: https://conda.anaconda.org/conda-forge/linux-aarch64/gfortran-14.3.0-ha28f942_7.conda
  sha256: a37a752156776aea2e6976a1bbba87b1160d1d4259a2455d956163b936fc665d
  md5: 033c55ed42edc3d21528c6bc3f11421a
  depends:
  - gcc 14.3.0.*
  - gcc_impl_linux-aarch64 14.3.0.*
  - gfortran_impl_linux-aarch64 14.3.0.*
  license: BSD-3-Clause
  license_family: BSD
  size: 30531
  timestamp: 1759967819421
- conda: https://conda.anaconda.org/conda-forge/linux-64/gfortran_impl_linux-64-14.3.0-h7db7018_7.conda
  sha256: 89d00289c98742b17974e8fe5c577bee71d763f9bcf9a820f2236ccb8a0cc71c
  md5: a68add92b710d3139b46f46a27d06c80
  depends:
  - gcc_impl_linux-64 >=14.3.0
  - libgcc >=14.3.0
  - libgfortran5 >=14.3.0
  - libstdcxx >=14.3.0
  - sysroot_linux-64
  license: GPL-3.0-only WITH GCC-exception-3.1
  license_family: GPL
  size: 17013425
  timestamp: 1759966008772
- conda: https://conda.anaconda.org/conda-forge/linux-aarch64/gfortran_impl_linux-aarch64-14.3.0-h8827d62_7.conda
  sha256: ead0e65d24b2a97cdc1feea3a34d98ed47823d5a118c6dc0ef103e8c3e9c61a5
  md5: 5bdb5dbd165aa46e047d4d231cfed0a1
  depends:
  - gcc_impl_linux-aarch64 >=14.3.0
  - libgcc >=14.3.0
  - libgfortran5 >=14.3.0
  - libstdcxx >=14.3.0
  - sysroot_linux-aarch64
  license: GPL-3.0-only WITH GCC-exception-3.1
  license_family: GPL
  size: 14495434
  timestamp: 1759967749961
- conda: https://conda.anaconda.org/conda-forge/linux-64/gfortran_linux-64-14.3.0-h961de7f_12.conda
  sha256: 5bd6debc9f86bf74a896b2b202876cefb2c58e1597630a442d0336e8b1641e7a
  md5: 94b5a79698bf511870b0135afb5bf6cd
  depends:
  - gfortran_impl_linux-64 14.3.0.*
  - gcc_linux-64 ==14.3.0 h298d278_12
  - binutils_linux-64
  - sysroot_linux-64
  license: BSD-3-Clause
  license_family: BSD
  size: 26687
  timestamp: 1759866571695
- conda: https://conda.anaconda.org/conda-forge/linux-aarch64/gfortran_linux-aarch64-14.3.0-he4becf7_12.conda
  sha256: 8904fa52022dc2635e5d38176291240eaa752144a6b6a4cde877ed9f92032cd2
  md5: 4fcfe1189833d0e2a5e76a2e6ca746a0
  depends:
  - gfortran_impl_linux-aarch64 14.3.0.*
  - gcc_linux-aarch64 ==14.3.0 h118592a_12
  - binutils_linux-aarch64
  - sysroot_linux-aarch64
  license: BSD-3-Clause
  license_family: BSD
  size: 26466
  timestamp: 1759866521559
- conda: https://conda.anaconda.org/conda-forge/linux-64/gxx-14.3.0-he448592_7.conda
  sha256: 7acf0ee3039453aa69f16da063136335a3511f9c157e222def8d03c8a56a1e03
  md5: 91dc0abe7274ac5019deaa6100643265
  depends:
  - gcc 14.3.0.*
  - gxx_impl_linux-64 14.3.0.*
  license: BSD-3-Clause
  license_family: BSD
  size: 30403
  timestamp: 1759966121169
- conda: https://conda.anaconda.org/conda-forge/linux-aarch64/gxx-14.3.0-ha28f942_7.conda
  sha256: 7f38940a42d43bf7b969625686b64a11d52348d899d4487ed50673a09e7faece
  md5: dac1f319c6157797289c174d062f87a1
  depends:
  - gcc 14.3.0.*
  - gxx_impl_linux-aarch64 14.3.0.*
  license: BSD-3-Clause
  license_family: BSD
  size: 30526
  timestamp: 1759967828504
- conda: https://conda.anaconda.org/conda-forge/linux-64/gxx_impl_linux-64-14.3.0-he663afc_7.conda
  sha256: 597579f6ce995c2a53dcb290c75d94819ca92f898687162f992a208a5ea1b65b
  md5: 2700e7aad63bca8c26c2042a6a7214d6
  depends:
  - gcc_impl_linux-64 14.3.0 hd9e9e21_7
  - libstdcxx-devel_linux-64 14.3.0 h85bb3a7_107
  - sysroot_linux-64
  - tzdata
  license: GPL-3.0-only WITH GCC-exception-3.1
  license_family: GPL
  size: 15187856
  timestamp: 1759966051354
- conda: https://conda.anaconda.org/conda-forge/linux-aarch64/gxx_impl_linux-aarch64-14.3.0-h72695c8_7.conda
  sha256: aae49d3818b64f8a3db606b74f0ef4a535b7b2cd219aa1b9b6aa740af33028d9
  md5: a8b4515fbfd9b625b720f4bb2b77bbb4
  depends:
  - gcc_impl_linux-aarch64 14.3.0 h2b96704_7
  - libstdcxx-devel_linux-aarch64 14.3.0 h370b906_107
  - sysroot_linux-aarch64
  - tzdata
  license: GPL-3.0-only WITH GCC-exception-3.1
  license_family: GPL
  size: 13742475
  timestamp: 1759967779809
- conda: https://conda.anaconda.org/conda-forge/linux-64/gxx_linux-64-14.3.0-h95f728e_12.conda
  sha256: 559996c580c31b939702b819368ad19d2f610bbb5b568d033e3c78bea49e730f
  md5: 7778058aa8b54953ddd09c3297e59e4d
  depends:
  - gxx_impl_linux-64 14.3.0.*
  - gcc_linux-64 ==14.3.0 h298d278_12
  - binutils_linux-64
  - sysroot_linux-64
  license: BSD-3-Clause
  license_family: BSD
  size: 27050
  timestamp: 1759866571696
- conda: https://conda.anaconda.org/conda-forge/linux-aarch64/gxx_linux-aarch64-14.3.0-hda493e9_12.conda
  sha256: 08e5806815fbcd56325b4f52acba9ab1bb7060958586f2b5054b39b88a9a7f83
  md5: b6a719856a343da0296473aa4ca9897a
  depends:
  - gxx_impl_linux-aarch64 14.3.0.*
  - gcc_linux-aarch64 ==14.3.0 h118592a_12
  - binutils_linux-aarch64
  - sysroot_linux-aarch64
  license: BSD-3-Clause
  license_family: BSD
  size: 26837
  timestamp: 1759866521559
- conda: https://conda.anaconda.org/conda-forge/noarch/kernel-headers_linux-64-4.18.0-he073ed8_8.conda
  sha256: 305c22a251db227679343fd73bfde121e555d466af86e537847f4c8b9436be0d
  md5: ff007ab0f0fdc53d245972bba8a6d40c
  constrains:
  - sysroot_linux-64 ==2.28
  license: LGPL-2.0-or-later AND LGPL-2.0-or-later WITH exceptions AND GPL-2.0-or-later
  license_family: GPL
  size: 1272697
  timestamp: 1752669126073
- conda: https://conda.anaconda.org/conda-forge/noarch/kernel-headers_linux-aarch64-4.18.0-h05a177a_8.conda
  sha256: 9d0a86bd0c52c39db8821405f6057bc984789d36e15e70fa5c697f8ba83c1a19
  md5: 2ab884dda7f1a08758fe12c32cc31d08
  constrains:
  - sysroot_linux-aarch64 ==2.28
  license: LGPL-2.0-or-later AND LGPL-2.0-or-later WITH exceptions AND GPL-2.0-or-later
  license_family: GPL
  size: 1244709
  timestamp: 1752669116535
- conda: https://conda.anaconda.org/conda-forge/linux-64/ld_impl_linux-64-2.44-ha97dd6f_2.conda
  sha256: 707dfb8d55d7a5c6f95c772d778ef07a7ca85417d9971796f7d3daad0b615de8
  md5: 14bae321b8127b63cba276bd53fac237
  depends:
  - __glibc >=2.17,<3.0.a0
  constrains:
  - binutils_impl_linux-64 2.44
  license: GPL-3.0-only
  license_family: GPL
  size: 747158
  timestamp: 1758810907507
- conda: https://conda.anaconda.org/conda-forge/linux-aarch64/ld_impl_linux-aarch64-2.44-h9df1782_2.conda
  sha256: 6edaaad2b275ac7a230b73488723ffe0a3d49345682fd032b5c6f872411a3343
  md5: c82b1aeb48ef8d5432cbc592716464ba
  constrains:
  - binutils_impl_linux-aarch64 2.44
  license: GPL-3.0-only
  license_family: GPL
  size: 787844
  timestamp: 1758810889587
- conda: https://conda.anaconda.org/conda-forge/linux-64/libgcc-15.2.0-h767d61c_7.conda
  sha256: 08f9b87578ab981c7713e4e6a7d935e40766e10691732bba376d4964562bcb45
  md5: c0374badb3a5d4b1372db28d19462c53
  depends:
  - __glibc >=2.17,<3.0.a0
  - _openmp_mutex >=4.5
  constrains:
  - libgomp 15.2.0 h767d61c_7
  - libgcc-ng ==15.2.0=*_7
  license: GPL-3.0-only WITH GCC-exception-3.1
  license_family: GPL
  size: 822552
  timestamp: 1759968052178
- conda: https://conda.anaconda.org/conda-forge/linux-aarch64/libgcc-15.2.0-he277a41_7.conda
  sha256: 616f5960930ad45b48c57f49c3adddefd9423674b331887ef0e69437798c214b
  md5: afa05d91f8d57dd30985827a09c21464
  depends:
  - _openmp_mutex >=4.5
  constrains:
  - libgomp 15.2.0 he277a41_7
  - libgcc-ng ==15.2.0=*_7
  license: GPL-3.0-only WITH GCC-exception-3.1
  license_family: GPL
  size: 510719
  timestamp: 1759967448307
- conda: https://conda.anaconda.org/conda-forge/noarch/libgcc-devel_linux-64-14.3.0-h85bb3a7_107.conda
  sha256: 57a1e792e9cffb3e641c84d3830eb637a81c85f33bdc3d45ac7b653c701f9d68
  md5: 84915638a998fae4d495fa038683a73e
  depends:
  - __unix
  license: GPL-3.0-only WITH GCC-exception-3.1
  license_family: GPL
  size: 2731390
  timestamp: 1759965626607
- conda: https://conda.anaconda.org/conda-forge/noarch/libgcc-devel_linux-aarch64-14.3.0-h370b906_107.conda
  sha256: 5ca6fd355bf101357287293c434c9bbb72bb5450075a76ef659801e66840a0ce
  md5: 0a192528aa60ff78e8ac834a6fce77ae
  depends:
  - __unix
  license: GPL-3.0-only WITH GCC-exception-3.1
  license_family: GPL
  size: 2125270
  timestamp: 1759967447786
- conda: https://conda.anaconda.org/conda-forge/linux-64/libgcc-ng-15.2.0-h69a702a_7.conda
  sha256: 2045066dd8e6e58aaf5ae2b722fb6dfdbb57c862b5f34ac7bfb58c40ef39b6ad
  md5: 280ea6eee9e2ddefde25ff799c4f0363
  depends:
  - libgcc 15.2.0 h767d61c_7
  license: GPL-3.0-only WITH GCC-exception-3.1
  license_family: GPL
  size: 29313
  timestamp: 1759968065504
- conda: https://conda.anaconda.org/conda-forge/linux-aarch64/libgcc-ng-15.2.0-he9431aa_7.conda
  sha256: 7d98979b2b5698330007b0146b8b4b95b3790378de12129ce13c9fc88c1ef45a
  md5: a5ce1f0a32f02c75c11580c5b2f9258a
  depends:
  - libgcc 15.2.0 he277a41_7
  license: GPL-3.0-only WITH GCC-exception-3.1
  license_family: GPL
  size: 29261
  timestamp: 1759967452303
- conda: https://conda.anaconda.org/conda-forge/linux-64/libgfortran5-15.2.0-hcd61629_7.conda
  sha256: e93ceda56498d98c9f94fedec3e2d00f717cbedfc97c49be0e5a5828802f2d34
  md5: f116940d825ffc9104400f0d7f1a4551
  depends:
  - __glibc >=2.17,<3.0.a0
  - libgcc >=15.2.0
  constrains:
  - libgfortran 15.2.0
  license: GPL-3.0-only WITH GCC-exception-3.1
  license_family: GPL
  size: 1572758
  timestamp: 1759968082504
- conda: https://conda.anaconda.org/conda-forge/linux-aarch64/libgfortran5-15.2.0-h87db57e_7.conda
  sha256: ae9a8290a7ff0fa28f540208906896460c62dcfbfa31ff9b8c2b398b5bbd34b1
  md5: dd7233e2874ea59e92f7d24d26bb341b
  depends:
  - libgcc >=15.2.0
  constrains:
  - libgfortran 15.2.0
  license: GPL-3.0-only WITH GCC-exception-3.1
  license_family: GPL
  size: 1145738
  timestamp: 1759967460371
- conda: https://conda.anaconda.org/conda-forge/linux-64/libgomp-15.2.0-h767d61c_7.conda
  sha256: e9fb1c258c8e66ee278397b5822692527c5f5786d372fe7a869b900853f3f5ca
  md5: f7b4d76975aac7e5d9e6ad13845f92fe
  depends:
  - __glibc >=2.17,<3.0.a0
  license: GPL-3.0-only WITH GCC-exception-3.1
  license_family: GPL
  size: 447919
  timestamp: 1759967942498
- conda: https://conda.anaconda.org/conda-forge/linux-aarch64/libgomp-15.2.0-he277a41_7.conda
  sha256: 0a024f1e4796f5d90fb8e8555691dad1b3bdfc6ac3c2cd14d876e30f805fcac7
  md5: 34cef4753287c36441f907d5fdd78d42
  license: GPL-3.0-only WITH GCC-exception-3.1
  license_family: GPL
  size: 450308
  timestamp: 1759967379407
- conda: https://conda.anaconda.org/conda-forge/linux-64/libsanitizer-14.3.0-hd08acf3_7.conda
  sha256: 73eb65f58ed086cf73fb9af3be4a9b288f630e9c2e1caacc75aff5f265d2dda2
  md5: 716f4c96e07207d74e635c915b8b3f8b
  depends:
  - __glibc >=2.17,<3.0.a0
  - libgcc >=14.3.0
  - libstdcxx >=14.3.0
  license: GPL-3.0-only WITH GCC-exception-3.1
  license_family: GPL
  size: 5110341
  timestamp: 1759965766003
- conda: https://conda.anaconda.org/conda-forge/linux-aarch64/libsanitizer-14.3.0-h48d3638_7.conda
  sha256: f096b7c42438c3e6abcbca1c277a4f0977b4d49a5c532c208dbde9a96b5955a0
  md5: 3bc4b38d25420ccd122396ff6e3574fa
  depends:
  - libgcc >=14.3.0
  - libstdcxx >=14.3.0
  license: GPL-3.0-only WITH GCC-exception-3.1
  license_family: GPL
  size: 5086981
  timestamp: 1759967549642
- conda: https://conda.anaconda.org/conda-forge/linux-64/libstdcxx-15.2.0-h8f9b012_7.conda
  sha256: 1b981647d9775e1cdeb2fab0a4dd9cd75a6b0de2963f6c3953dbd712f78334b3
  md5: 5b767048b1b3ee9a954b06f4084f93dc
  depends:
  - __glibc >=2.17,<3.0.a0
  - libgcc 15.2.0 h767d61c_7
  constrains:
  - libstdcxx-ng ==15.2.0=*_7
  license: GPL-3.0-only WITH GCC-exception-3.1
  license_family: GPL
  size: 3898269
  timestamp: 1759968103436
- conda: https://conda.anaconda.org/conda-forge/linux-aarch64/libstdcxx-15.2.0-h3f4de04_7.conda
  sha256: 4c6d1a2ae58044112233a57103bbf06000bd4c2aad44a0fd3b464b05fa8df514
  md5: 6a2f0ee17851251a85fbebafbe707d2d
  depends:
  - libgcc 15.2.0 he277a41_7
  constrains:
  - libstdcxx-ng ==15.2.0=*_7
  license: GPL-3.0-only WITH GCC-exception-3.1
  license_family: GPL
  size: 3831785
  timestamp: 1759967470295
- conda: https://conda.anaconda.org/conda-forge/noarch/libstdcxx-devel_linux-64-14.3.0-h85bb3a7_107.conda
  sha256: 54ba5632d93faebbec3899d9df84c6e71c4574d70a2f3babfc5aac4247874038
  md5: eaf0f047b048c4d86a4b8c60c0e95f38
  depends:
  - __unix
  license: GPL-3.0-only WITH GCC-exception-3.1
  license_family: GPL
  size: 13244605
  timestamp: 1759965656146
- conda: https://conda.anaconda.org/conda-forge/noarch/libstdcxx-devel_linux-aarch64-14.3.0-h370b906_107.conda
  sha256: 5e8405b8b626490694e6ad7eed2dc8571b125883a1695ee2c78f61cd611f8ac5
  md5: dcfd023b6ccaea0c3e08de77f0fe43f3
  depends:
  - __unix
  license: GPL-3.0-only WITH GCC-exception-3.1
  license_family: GPL
  size: 12425310
  timestamp: 1759967470230
- conda: https://conda.anaconda.org/conda-forge/linux-64/libstdcxx-ng-15.2.0-h4852527_7.conda
  sha256: 024fd46ac3ea8032a5ec3ea7b91c4c235701a8bf0e6520fe5e6539992a6bd05f
  md5: f627678cf829bd70bccf141a19c3ad3e
  depends:
  - libstdcxx 15.2.0 h8f9b012_7
  license: GPL-3.0-only WITH GCC-exception-3.1
  license_family: GPL
  size: 29343
  timestamp: 1759968157195
- conda: https://conda.anaconda.org/conda-forge/linux-aarch64/libstdcxx-ng-15.2.0-hf1166c9_7.conda
  sha256: 26fc1bdb39042f27302b363785fea6f6b9607f9c2f5eb949c6ae0bdbb8599574
  md5: 9e5deec886ad32f3c6791b3b75c78681
  depends:
  - libstdcxx 15.2.0 h3f4de04_7
  license: GPL-3.0-only WITH GCC-exception-3.1
  license_family: GPL
  size: 29341
  timestamp: 1759967498023
- conda: https://conda.anaconda.org/conda-forge/linux-64/openssl-3.5.4-h26f9b46_0.conda
  sha256: e807f3bad09bdf4075dbb4168619e14b0c0360bacb2e12ef18641a834c8c5549
  md5: 14edad12b59ccbfa3910d42c72adc2a0
  depends:
  - __glibc >=2.17,<3.0.a0
  - ca-certificates
  - libgcc >=14
  license: Apache-2.0
  license_family: Apache
  size: 3119624
  timestamp: 1759324353651
- conda: https://conda.anaconda.org/conda-forge/linux-aarch64/openssl-3.5.4-h8e36d6e_0.conda
  sha256: a24b318733c98903e2689adc7ef73448e27cbb10806852032c023f0ea4446fc5
  md5: 9303e8887afe539f78517951ce25cd13
  depends:
  - ca-certificates
  - libgcc >=14
  license: Apache-2.0
  license_family: Apache
  size: 3644584
  timestamp: 1759326000128
- conda: https://conda.anaconda.org/conda-forge/linux-64/patchelf-0.17.2-h58526e2_0.conda
  sha256: eb355ac225be2f698e19dba4dcab7cb0748225677a9799e9cc8e4cadc3cb738f
  md5: ba76a6a448819560b5f8b08a9c74f415
  depends:
  - libgcc-ng >=7.5.0
  - libstdcxx-ng >=7.5.0
  license: GPL-3.0-or-later
  license_family: GPL
  size: 94048
  timestamp: 1673473024463
- conda: https://conda.anaconda.org/conda-forge/linux-aarch64/patchelf-0.17.2-h884eca8_0.conda
  sha256: 8b98158f36a7a92013a1982ab7a60947151350ac5c513c1d1575825d0fa52518
  md5: bbd8dee69c4ac2e2d07bca100b8fcc31
  depends:
  - libgcc-ng >=7.5.0
  - libstdcxx-ng >=7.5.0
  license: GPL-3.0-or-later
  license_family: GPL
  size: 101306
  timestamp: 1673473812166
- conda: https://conda.anaconda.org/conda-forge/linux-64/rattler-build-0.48.1-h60886be_0.conda
  sha256: cc788e52f2a110067691df47019792af2b221117a8fe1e47e573de38ce68e9c2
  md5: d177d6e10968344d682cad9543793d0e
  depends:
  - patchelf
  - libgcc >=14
  - __glibc >=2.17,<3.0.a0
  - openssl >=3.5.4,<4.0a0
  constrains:
  - __glibc >=2.17
  license: BSD-3-Clause
  license_family: BSD
  size: 16668912
  timestamp: 1759950854914
- conda: https://conda.anaconda.org/conda-forge/linux-aarch64/rattler-build-0.48.1-hc66e42d_0.conda
  sha256: 712df8d9a755aebba83fc704a5cc61a46f77ea0d9b0efbd0183a6ff6d69e3862
  md5: 06b9ddd8fa842a6c10480710bd0f1fdc
  depends:
  - patchelf
  - libgcc >=14
  - openssl >=3.5.4,<4.0a0
  constrains:
  - __glibc >=2.17
  license: BSD-3-Clause
  license_family: BSD
  size: 16884470
  timestamp: 1759950889675
- conda: https://conda.anaconda.org/conda-forge/noarch/sysroot_linux-64-2.28-h4ee821c_8.conda
  sha256: 0053c17ffbd9f8af1a7f864995d70121c292e317804120be4667f37c92805426
  md5: 1bad93f0aa428d618875ef3a588a889e
  depends:
  - __glibc >=2.28
  - kernel-headers_linux-64 4.18.0 he073ed8_8
  - tzdata
  license: LGPL-2.0-or-later AND LGPL-2.0-or-later WITH exceptions AND GPL-2.0-or-later
  license_family: GPL
  size: 24210909
  timestamp: 1752669140965
- conda: https://conda.anaconda.org/conda-forge/noarch/sysroot_linux-aarch64-2.28-h585391f_8.conda
  sha256: 8ab275b5c5fbe36416c7d3fb8b71241eca2d024e222361f8e15c479f17050c0e
  md5: 1263d6ac8dadaea7c60b29f1b4af45b8
  depends:
  - __glibc >=2.28
  - kernel-headers_linux-aarch64 4.18.0 h05a177a_8
  - tzdata
  license: LGPL-2.0-or-later AND LGPL-2.0-or-later WITH exceptions AND GPL-2.0-or-later
  license_family: GPL
  size: 23863575
  timestamp: 1752669129101
- conda: https://conda.anaconda.org/conda-forge/noarch/tzdata-2025b-h78e105d_0.conda
  sha256: 5aaa366385d716557e365f0a4e9c3fca43ba196872abbbe3d56bb610d131e192
  md5: 4222072737ccff51314b5ece9c7d6f5a
  license: LicenseRef-Public-Domain
  size: 122968
  timestamp: 1742727099393
