version: 6
environments:
  default:
    channels:
    - url: https://conda.anaconda.org/conda-forge/
    packages:
      linux-aarch64:
      - conda: https://conda.anaconda.org/conda-forge/linux-aarch64/_openmp_mutex-4.5-2_gnu.tar.bz2
      - conda: https://conda.anaconda.org/conda-forge/noarch/ca-certificates-2025.10.5-hbd8a1cb_0.conda
      - conda: https://conda.anaconda.org/conda-forge/linux-aarch64/libgcc-15.2.0-he277a41_7.conda
      - conda: https://conda.anaconda.org/conda-forge/linux-aarch64/libgcc-ng-15.2.0-he9431aa_7.conda
      - conda: https://conda.anaconda.org/conda-forge/linux-aarch64/libgomp-15.2.0-he277a41_7.conda
      - conda: https://conda.anaconda.org/conda-forge/linux-aarch64/libstdcxx-15.2.0-h3f4de04_7.conda
      - conda: https://conda.anaconda.org/conda-forge/linux-aarch64/libstdcxx-ng-15.2.0-hf1166c9_7.conda
      - conda: https://conda.anaconda.org/conda-forge/linux-aarch64/openssl-3.5.4-h8e36d6e_0.conda
      - conda: https://conda.anaconda.org/conda-forge/linux-aarch64/patchelf-0.17.2-h884eca8_0.conda
      - conda: https://conda.anaconda.org/conda-forge/linux-aarch64/rattler-build-0.48.1-hc66e42d_0.conda
packages:
- conda: https://conda.anaconda.org/conda-forge/linux-aarch64/_openmp_mutex-4.5-2_gnu.tar.bz2
  build_number: 16
  sha256: 3702bef2f0a4d38bd8288bbe54aace623602a1343c2cfbefd3fa188e015bebf0
  md5: 6168d71addc746e8f2b8d57dfd2edcea
  depends:
  - libgomp >=7.5.0
  constrains:
  - openmp_impl 9999
  license: BSD-3-Clause
  license_family: BSD
  size: 23712
  timestamp: 1650670790230
- conda: https://conda.anaconda.org/conda-forge/noarch/ca-certificates-2025.10.5-hbd8a1cb_0.conda
  sha256: 3b5ad78b8bb61b6cdc0978a6a99f8dfb2cc789a451378d054698441005ecbdb6
  md5: f9e5fbc24009179e8b0409624691758a
  depends:
  - __unix
  license: ISC
  size: 155907
  timestamp: 1759649036195
- conda: https://conda.anaconda.org/conda-forge/linux-aarch64/libgcc-15.2.0-he277a41_7.conda
  sha256: 616f5960930ad45b48c57f49c3adddefd9423674b331887ef0e69437798c214b
  md5: afa05d91f8d57dd30985827a09c21464
  depends:
  - _openmp_mutex >=4.5
  constrains:
  - libgomp 15.2.0 he277a41_7
  - libgcc-ng ==15.2.0=*_7
  license: GPL-3.0-only WITH GCC-exception-3.1
  license_family: GPL
  size: 510719
  timestamp: 1759967448307
- conda: https://conda.anaconda.org/conda-forge/linux-aarch64/libgcc-ng-15.2.0-he9431aa_7.conda
  sha256: 7d98979b2b5698330007b0146b8b4b95b3790378de12129ce13c9fc88c1ef45a
  md5: a5ce1f0a32f02c75c11580c5b2f9258a
  depends:
  - libgcc 15.2.0 he277a41_7
  license: GPL-3.0-only WITH GCC-exception-3.1
  license_family: GPL
  size: 29261
  timestamp: 1759967452303
- conda: https://conda.anaconda.org/conda-forge/linux-aarch64/libgomp-15.2.0-he277a41_7.conda
  sha256: 0a024f1e4796f5d90fb8e8555691dad1b3bdfc6ac3c2cd14d876e30f805fcac7
  md5: 34cef4753287c36441f907d5fdd78d42
  license: GPL-3.0-only WITH GCC-exception-3.1
  license_family: GPL
  size: 450308
  timestamp: 1759967379407
- conda: https://conda.anaconda.org/conda-forge/linux-aarch64/libstdcxx-15.2.0-h3f4de04_7.conda
  sha256: 4c6d1a2ae58044112233a57103bbf06000bd4c2aad44a0fd3b464b05fa8df514
  md5: 6a2f0ee17851251a85fbebafbe707d2d
  depends:
  - libgcc 15.2.0 he277a41_7
  constrains:
  - libstdcxx-ng ==15.2.0=*_7
  license: GPL-3.0-only WITH GCC-exception-3.1
  license_family: GPL
  size: 3831785
  timestamp: 1759967470295
- conda: https://conda.anaconda.org/conda-forge/linux-aarch64/libstdcxx-ng-15.2.0-hf1166c9_7.conda
  sha256: 26fc1bdb39042f27302b363785fea6f6b9607f9c2f5eb949c6ae0bdbb8599574
  md5: 9e5deec886ad32f3c6791b3b75c78681
  depends:
  - libstdcxx 15.2.0 h3f4de04_7
  license: GPL-3.0-only WITH GCC-exception-3.1
  license_family: GPL
  size: 29341
  timestamp: 1759967498023
- conda: https://conda.anaconda.org/conda-forge/linux-aarch64/openssl-3.5.4-h8e36d6e_0.conda
  sha256: a24b318733c98903e2689adc7ef73448e27cbb10806852032c023f0ea4446fc5
  md5: 9303e8887afe539f78517951ce25cd13
  depends:
  - ca-certificates
  - libgcc >=14
  license: Apache-2.0
  license_family: Apache
  size: 3644584
  timestamp: 1759326000128
- conda: https://conda.anaconda.org/conda-forge/linux-aarch64/patchelf-0.17.2-h884eca8_0.conda
  sha256: 8b98158f36a7a92013a1982ab7a60947151350ac5c513c1d1575825d0fa52518
  md5: bbd8dee69c4ac2e2d07bca100b8fcc31
  depends:
  - libgcc-ng >=7.5.0
  - libstdcxx-ng >=7.5.0
  license: GPL-3.0-or-later
  license_family: GPL
  size: 101306
  timestamp: 1673473812166
- conda: https://conda.anaconda.org/conda-forge/linux-aarch64/rattler-build-0.48.1-hc66e42d_0.conda
  sha256: 712df8d9a755aebba83fc704a5cc61a46f77ea0d9b0efbd0183a6ff6d69e3862
  md5: 06b9ddd8fa842a6c10480710bd0f1fdc
  depends:
  - patchelf
  - libgcc >=14
  - openssl >=3.5.4,<4.0a0
  constrains:
  - __glibc >=2.17
  license: BSD-3-Clause
  license_family: BSD
  size: 16884470
  timestamp: 1759950889675
